
Microsoft Visual Studio Solution File, Format Version 12.00
# Visual Studio Version 17
VisualStudioVersion = 17.7.34031.279
MinimumVisualStudioVersion = 10.0.40219.1
Project("{FAE04EC0-301F-11D3-BF4B-00C04F79EFBC}") = "WholeLottaGangShit", "WholeLottaGangShit\WholeLottaGangShit.csproj", "{A12E1D32-4E52-483A-A103-74EA4DDC1930}"
EndProject
Global
	GlobalSection(SolutionConfigurationPlatforms) = preSolution
		Debug|Any CPU = Debug|Any CPU
		Release|Any CPU = Release|Any CPU
	EndGlobalSection
	GlobalSection(ProjectConfigurationPlatforms) = postSolution
		{A12E1D32-4E52-483A-A103-74EA4DDC1930}.Debug|Any CPU.ActiveCfg = Debug|Any CPU
		{A12E1D32-4E52-483A-A103-74EA4DDC1930}.Debug|Any CPU.Build.0 = Debug|Any CPU
		{A12E1D32-4E52-483A-A103-74EA4DDC1930}.Release|Any CPU.ActiveCfg = Release|Any CPU
		{A12E1D32-4E52-483A-A103-74EA4DDC1930}.Release|Any CPU.Build.0 = Release|Any CPU
	EndGlobalSection
	GlobalSection(SolutionProperties) = preSolution
		HideSolutionNode = FALSE
	EndGlobalSection
	GlobalSection(ExtensibilityGlobals) = postSolution
		SolutionGuid = {C2AC07AA-538C-4D10-9BDF-DBC2E0170E93}
	EndGlobalSection
EndGlobal
